
Microsoft Visual Studio Solution File, Format Version 12.00
# Visual Studio Version 16
VisualStudioVersion = 16.0.30204.135
MinimumVisualStudioVersion = 10.0.40219.1
Project("{9A19103F-16F7-4668-BE54-9A1E7A4F7556}") = "WeatherForecast.API", "WeatherForecast.API\WeatherForecast.API.csproj", "{70DCAB39-E928-47E5-99C3-02432A5E6B92}"
EndProject
Global
	GlobalSection(SolutionConfigurationPlatforms) = preSolution
		Debug|Any CPU = Debug|Any CPU
		Release|Any CPU = Release|Any CPU
	EndGlobalSection
	GlobalSection(ProjectConfigurationPlatforms) = postSolution
		{70DCAB39-E928-47E5-99C3-02432A5E6B92}.Debug|Any CPU.ActiveCfg = Debug|Any CPU
		{70DCAB39-E928-47E5-99C3-02432A5E6B92}.Debug|Any CPU.Build.0 = Debug|Any CPU
		{70DCAB39-E928-47E5-99C3-02432A5E6B92}.Release|Any CPU.ActiveCfg = Release|Any CPU
		{70DCAB39-E928-47E5-99C3-02432A5E6B92}.Release|Any CPU.Build.0 = Release|Any CPU
	EndGlobalSection
	GlobalSection(SolutionProperties) = preSolution
		HideSolutionNode = FALSE
	EndGlobalSection
	GlobalSection(ExtensibilityGlobals) = postSolution
		SolutionGuid = {6F138788-B24C-46DD-B946-BAA1F8B5E8AB}
	EndGlobalSection
EndGlobal
